
Microsoft Visual Studio Solution File, Format Version 12.00
# Visual Studio Version 17
VisualStudioVersion = 17.0.31903.59
MinimumVisualStudioVersion = 10.0.40219.1
Project("{2150E333-8FDC-42A3-9474-1A3956D46DE8}") = "src", "src", "{827E0CD3-B72D-47B6-A68D-7590B98EB39B}"
EndProject
Project("{2150E333-8FDC-42A3-9474-1A3956D46DE8}") = "Production.Api", "Production.Api", "{325766C6-8A40-8FB2-166D-D651A527AE3D}"
EndProject
Project("{FAE04EC0-301F-11D3-BF4B-00C04F79EFBC}") = "Beats.Production.Api", "src\Production.Api\Beats.Production.Api.csproj", "{8D92FC5C-5F23-4264-836C-D2A26FB254DF}"
EndProject
Project("{FAE04EC0-301F-11D3-BF4B-00C04F79EFBC}") = "Beats.Production.Contracts", "src\Production.Contracts\Beats.Production.Contracts.csproj", "{49CF45EA-91D7-47C3-85F5-273DB56D4B32}"
EndProject
Project("{FAE04EC0-301F-11D3-BF4B-00C04F79EFBC}") = "Beats.Production.Middleware", "src\Production.Middleware\Beats.Production.Middleware.csproj", "{398680CC-8F5C-485F-9051-48B4BB768954}"
EndProject
Project("{FAE04EC0-301F-11D3-BF4B-00C04F79EFBC}") = "Beats.Agents.Storyteller", "src\Agents.Storyteller\Beats.Agents.Storyteller.csproj", "{2BB03828-48B0-4FEE-BBC2-4892346D5612}"
EndProject
Project("{FAE04EC0-301F-11D3-BF4B-00C04F79EFBC}") = "Beats.Agents.Illustrator", "src\Agents.Illustrator\Beats.Agents.Illustrator.csproj", "{2EFCCF15-8858-4A90-943F-5E43D6227722}"
EndProject
Project("{FAE04EC0-301F-11D3-BF4B-00C04F79EFBC}") = "Beats.Agents.Animator", "src\Agents.Animator\Beats.Agents.Animator.csproj", "{2B22BB59-A86D-449D-8CD9-AEC4C356B0F0}"
EndProject
Project("{FAE04EC0-301F-11D3-BF4B-00C04F79EFBC}") = "Beats.Agents.Editor", "src\Agents.Editor\Beats.Agents.Editor.csproj", "{D48E0EDE-2CC2-4BEB-99D5-CCC621CC4F68}"
EndProject
Project("{FAE04EC0-301F-11D3-BF4B-00C04F79EFBC}") = "Beats.Agents.Reviewer", "src\Agents.Reviewer\Beats.Agents.Reviewer.csproj", "{773970D6-4592-47DA-BDA4-CCEB2A512D4F}"
EndProject
Project("{2150E333-8FDC-42A3-9474-1A3956D46DE8}") = "Production.Flows", "Production.Flows", "{CDE03ED2-DA84-A1F1-1FBA-FC269660BC87}"
EndProject
Project("{FAE04EC0-301F-11D3-BF4B-00C04F79EFBC}") = "Beats.Production.Flows", "src\Production.Flows\Beats.Production.Flows.csproj", "{B1BAC339-9B86-46C2-8745-89961772C970}"
EndProject
Global
	GlobalSection(SolutionConfigurationPlatforms) = preSolution
		Debug|Any CPU = Debug|Any CPU
		Debug|x64 = Debug|x64
		Debug|x86 = Debug|x86
		Release|Any CPU = Release|Any CPU
		Release|x64 = Release|x64
		Release|x86 = Release|x86
	EndGlobalSection
	GlobalSection(ProjectConfigurationPlatforms) = postSolution
		{8D92FC5C-5F23-4264-836C-D2A26FB254DF}.Debug|Any CPU.ActiveCfg = Debug|Any CPU
		{8D92FC5C-5F23-4264-836C-D2A26FB254DF}.Debug|Any CPU.Build.0 = Debug|Any CPU
		{8D92FC5C-5F23-4264-836C-D2A26FB254DF}.Debug|x64.ActiveCfg = Debug|Any CPU
		{8D92FC5C-5F23-4264-836C-D2A26FB254DF}.Debug|x64.Build.0 = Debug|Any CPU
		{8D92FC5C-5F23-4264-836C-D2A26FB254DF}.Debug|x86.ActiveCfg = Debug|Any CPU
		{8D92FC5C-5F23-4264-836C-D2A26FB254DF}.Debug|x86.Build.0 = Debug|Any CPU
		{8D92FC5C-5F23-4264-836C-D2A26FB254DF}.Release|Any CPU.ActiveCfg = Release|Any CPU
		{8D92FC5C-5F23-4264-836C-D2A26FB254DF}.Release|Any CPU.Build.0 = Release|Any CPU
		{8D92FC5C-5F23-4264-836C-D2A26FB254DF}.Release|x64.ActiveCfg = Release|Any CPU
		{8D92FC5C-5F23-4264-836C-D2A26FB254DF}.Release|x64.Build.0 = Release|Any CPU
		{8D92FC5C-5F23-4264-836C-D2A26FB254DF}.Release|x86.ActiveCfg = Release|Any CPU
		{8D92FC5C-5F23-4264-836C-D2A26FB254DF}.Release|x86.Build.0 = Release|Any CPU
		{49CF45EA-91D7-47C3-85F5-273DB56D4B32}.Debug|Any CPU.ActiveCfg = Debug|Any CPU
		{49CF45EA-91D7-47C3-85F5-273DB56D4B32}.Debug|Any CPU.Build.0 = Debug|Any CPU
		{49CF45EA-91D7-47C3-85F5-273DB56D4B32}.Debug|x64.ActiveCfg = Debug|Any CPU
		{49CF45EA-91D7-47C3-85F5-273DB56D4B32}.Debug|x64.Build.0 = Debug|Any CPU
		{49CF45EA-91D7-47C3-85F5-273DB56D4B32}.Debug|x86.ActiveCfg = Debug|Any CPU
		{49CF45EA-91D7-47C3-85F5-273DB56D4B32}.Debug|x86.Build.0 = Debug|Any CPU
		{49CF45EA-91D7-47C3-85F5-273DB56D4B32}.Release|Any CPU.ActiveCfg = Release|Any CPU
		{49CF45EA-91D7-47C3-85F5-273DB56D4B32}.Release|Any CPU.Build.0 = Release|Any CPU
		{49CF45EA-91D7-47C3-85F5-273DB56D4B32}.Release|x64.ActiveCfg = Release|Any CPU
		{49CF45EA-91D7-47C3-85F5-273DB56D4B32}.Release|x64.Build.0 = Release|Any CPU
		{49CF45EA-91D7-47C3-85F5-273DB56D4B32}.Release|x86.ActiveCfg = Release|Any CPU
		{49CF45EA-91D7-47C3-85F5-273DB56D4B32}.Release|x86.Build.0 = Release|Any CPU
		{398680CC-8F5C-485F-9051-48B4BB768954}.Debug|Any CPU.ActiveCfg = Debug|Any CPU
		{398680CC-8F5C-485F-9051-48B4BB768954}.Debug|Any CPU.Build.0 = Debug|Any CPU
		{398680CC-8F5C-485F-9051-48B4BB768954}.Debug|x64.ActiveCfg = Debug|Any CPU
		{398680CC-8F5C-485F-9051-48B4BB768954}.Debug|x64.Build.0 = Debug|Any CPU
		{398680CC-8F5C-485F-9051-48B4BB768954}.Debug|x86.ActiveCfg = Debug|Any CPU
		{398680CC-8F5C-485F-9051-48B4BB768954}.Debug|x86.Build.0 = Debug|Any CPU
		{398680CC-8F5C-485F-9051-48B4BB768954}.Release|Any CPU.ActiveCfg = Release|Any CPU
		{398680CC-8F5C-485F-9051-48B4BB768954}.Release|Any CPU.Build.0 = Release|Any CPU
		{398680CC-8F5C-485F-9051-48B4BB768954}.Release|x64.ActiveCfg = Release|Any CPU
		{398680CC-8F5C-485F-9051-48B4BB768954}.Release|x64.Build.0 = Release|Any CPU
		{398680CC-8F5C-485F-9051-48B4BB768954}.Release|x86.ActiveCfg = Release|Any CPU
		{398680CC-8F5C-485F-9051-48B4BB768954}.Release|x86.Build.0 = Release|Any CPU
		{2BB03828-48B0-4FEE-BBC2-4892346D5612}.Debug|Any CPU.ActiveCfg = Debug|Any CPU
		{2BB03828-48B0-4FEE-BBC2-4892346D5612}.Debug|Any CPU.Build.0 = Debug|Any CPU
		{2BB03828-48B0-4FEE-BBC2-4892346D5612}.Debug|x64.ActiveCfg = Debug|Any CPU
		{2BB03828-48B0-4FEE-BBC2-4892346D5612}.Debug|x64.Build.0 = Debug|Any CPU
		{2BB03828-48B0-4FEE-BBC2-4892346D5612}.Debug|x86.ActiveCfg = Debug|Any CPU
		{2BB03828-48B0-4FEE-BBC2-4892346D5612}.Debug|x86.Build.0 = Debug|Any CPU
		{2BB03828-48B0-4FEE-BBC2-4892346D5612}.Release|Any CPU.ActiveCfg = Release|Any CPU
		{2BB03828-48B0-4FEE-BBC2-4892346D5612}.Release|Any CPU.Build.0 = Release|Any CPU
		{2BB03828-48B0-4FEE-BBC2-4892346D5612}.Release|x64.ActiveCfg = Release|Any CPU
		{2BB03828-48B0-4FEE-BBC2-4892346D5612}.Release|x64.Build.0 = Release|Any CPU
		{2BB03828-48B0-4FEE-BBC2-4892346D5612}.Release|x86.ActiveCfg = Release|Any CPU
		{2BB03828-48B0-4FEE-BBC2-4892346D5612}.Release|x86.Build.0 = Release|Any CPU
		{2EFCCF15-8858-4A90-943F-5E43D6227722}.Debug|Any CPU.ActiveCfg = Debug|Any CPU
		{2EFCCF15-8858-4A90-943F-5E43D6227722}.Debug|Any CPU.Build.0 = Debug|Any CPU
		{2EFCCF15-8858-4A90-943F-5E43D6227722}.Debug|x64.ActiveCfg = Debug|Any CPU
		{2EFCCF15-8858-4A90-943F-5E43D6227722}.Debug|x64.Build.0 = Debug|Any CPU
		{2EFCCF15-8858-4A90-943F-5E43D6227722}.Debug|x86.ActiveCfg = Debug|Any CPU
		{2EFCCF15-8858-4A90-943F-5E43D6227722}.Debug|x86.Build.0 = Debug|Any CPU
		{2EFCCF15-8858-4A90-943F-5E43D6227722}.Release|Any CPU.ActiveCfg = Release|Any CPU
		{2EFCCF15-8858-4A90-943F-5E43D6227722}.Release|Any CPU.Build.0 = Release|Any CPU
		{2EFCCF15-8858-4A90-943F-5E43D6227722}.Release|x64.ActiveCfg = Release|Any CPU
		{2EFCCF15-8858-4A90-943F-5E43D6227722}.Release|x64.Build.0 = Release|Any CPU
		{2EFCCF15-8858-4A90-943F-5E43D6227722}.Release|x86.ActiveCfg = Release|Any CPU
		{2EFCCF15-8858-4A90-943F-5E43D6227722}.Release|x86.Build.0 = Release|Any CPU
		{2B22BB59-A86D-449D-8CD9-AEC4C356B0F0}.Debug|Any CPU.ActiveCfg = Debug|Any CPU
		{2B22BB59-A86D-449D-8CD9-AEC4C356B0F0}.Debug|Any CPU.Build.0 = Debug|Any CPU
		{2B22BB59-A86D-449D-8CD9-AEC4C356B0F0}.Debug|x64.ActiveCfg = Debug|Any CPU
		{2B22BB59-A86D-449D-8CD9-AEC4C356B0F0}.Debug|x64.Build.0 = Debug|Any CPU
		{2B22BB59-A86D-449D-8CD9-AEC4C356B0F0}.Debug|x86.ActiveCfg = Debug|Any CPU
		{2B22BB59-A86D-449D-8CD9-AEC4C356B0F0}.Debug|x86.Build.0 = Debug|Any CPU
		{2B22BB59-A86D-449D-8CD9-AEC4C356B0F0}.Release|Any CPU.ActiveCfg = Release|Any CPU
		{2B22BB59-A86D-449D-8CD9-AEC4C356B0F0}.Release|Any CPU.Build.0 = Release|Any CPU
		{2B22BB59-A86D-449D-8CD9-AEC4C356B0F0}.Release|x64.ActiveCfg = Release|Any CPU
		{2B22BB59-A86D-449D-8CD9-AEC4C356B0F0}.Release|x64.Build.0 = Release|Any CPU
		{2B22BB59-A86D-449D-8CD9-AEC4C356B0F0}.Release|x86.ActiveCfg = Release|Any CPU
		{2B22BB59-A86D-449D-8CD9-AEC4C356B0F0}.Release|x86.Build.0 = Release|Any CPU
		{D48E0EDE-2CC2-4BEB-99D5-CCC621CC4F68}.Debug|Any CPU.ActiveCfg = Debug|Any CPU
		{D48E0EDE-2CC2-4BEB-99D5-CCC621CC4F68}.Debug|Any CPU.Build.0 = Debug|Any CPU
		{D48E0EDE-2CC2-4BEB-99D5-CCC621CC4F68}.Debug|x64.ActiveCfg = Debug|Any CPU
		{D48E0EDE-2CC2-4BEB-99D5-CCC621CC4F68}.Debug|x64.Build.0 = Debug|Any CPU
		{D48E0EDE-2CC2-4BEB-99D5-CCC621CC4F68}.Debug|x86.ActiveCfg = Debug|Any CPU
		{D48E0EDE-2CC2-4BEB-99D5-CCC621CC4F68}.Debug|x86.Build.0 = Debug|Any CPU
		{D48E0EDE-2CC2-4BEB-99D5-CCC621CC4F68}.Release|Any CPU.ActiveCfg = Release|Any CPU
		{D48E0EDE-2CC2-4BEB-99D5-CCC621CC4F68}.Release|Any CPU.Build.0 = Release|Any CPU
		{D48E0EDE-2CC2-4BEB-99D5-CCC621CC4F68}.Release|x64.ActiveCfg = Release|Any CPU
		{D48E0EDE-2CC2-4BEB-99D5-CCC621CC4F68}.Release|x64.Build.0 = Release|Any CPU
		{D48E0EDE-2CC2-4BEB-99D5-CCC621CC4F68}.Release|x86.ActiveCfg = Release|Any CPU
		{D48E0EDE-2CC2-4BEB-99D5-CCC621CC4F68}.Release|x86.Build.0 = Release|Any CPU
		{773970D6-4592-47DA-BDA4-CCEB2A512D4F}.Debug|Any CPU.ActiveCfg = Debug|Any CPU
		{773970D6-4592-47DA-BDA4-CCEB2A512D4F}.Debug|Any CPU.Build.0 = Debug|Any CPU
		{773970D6-4592-47DA-BDA4-CCEB2A512D4F}.Debug|x64.ActiveCfg = Debug|Any CPU
		{773970D6-4592-47DA-BDA4-CCEB2A512D4F}.Debug|x64.Build.0 = Debug|Any CPU
		{773970D6-4592-47DA-BDA4-CCEB2A512D4F}.Debug|x86.ActiveCfg = Debug|Any CPU
		{773970D6-4592-47DA-BDA4-CCEB2A512D4F}.Debug|x86.Build.0 = Debug|Any CPU
		{773970D6-4592-47DA-BDA4-CCEB2A512D4F}.Release|Any CPU.ActiveCfg = Release|Any CPU
		{773970D6-4592-47DA-BDA4-CCEB2A512D4F}.Release|Any CPU.Build.0 = Release|Any CPU
		{773970D6-4592-47DA-BDA4-CCEB2A512D4F}.Release|x64.ActiveCfg = Release|Any CPU
		{773970D6-4592-47DA-BDA4-CCEB2A512D4F}.Release|x64.Build.0 = Release|Any CPU
		{773970D6-4592-47DA-BDA4-CCEB2A512D4F}.Release|x86.ActiveCfg = Release|Any CPU
		{773970D6-4592-47DA-BDA4-CCEB2A512D4F}.Release|x86.Build.0 = Release|Any CPU
		{B1BAC339-9B86-46C2-8745-89961772C970}.Debug|Any CPU.ActiveCfg = Debug|Any CPU
		{B1BAC339-9B86-46C2-8745-89961772C970}.Debug|Any CPU.Build.0 = Debug|Any CPU
		{B1BAC339-9B86-46C2-8745-89961772C970}.Debug|x64.ActiveCfg = Debug|Any CPU
		{B1BAC339-9B86-46C2-8745-89961772C970}.Debug|x64.Build.0 = Debug|Any CPU
		{B1BAC339-9B86-46C2-8745-89961772C970}.Debug|x86.ActiveCfg = Debug|Any CPU
		{B1BAC339-9B86-46C2-8745-89961772C970}.Debug|x86.Build.0 = Debug|Any CPU
		{B1BAC339-9B86-46C2-8745-89961772C970}.Release|Any CPU.ActiveCfg = Release|Any CPU
		{B1BAC339-9B86-46C2-8745-89961772C970}.Release|Any CPU.Build.0 = Release|Any CPU
		{B1BAC339-9B86-46C2-8745-89961772C970}.Release|x64.ActiveCfg = Release|Any CPU
		{B1BAC339-9B86-46C2-8745-89961772C970}.Release|x64.Build.0 = Release|Any CPU
		{B1BAC339-9B86-46C2-8745-89961772C970}.Release|x86.ActiveCfg = Release|Any CPU
		{B1BAC339-9B86-46C2-8745-89961772C970}.Release|x86.Build.0 = Release|Any CPU
	EndGlobalSection
	GlobalSection(SolutionProperties) = preSolution
		HideSolutionNode = FALSE
	EndGlobalSection
	GlobalSection(NestedProjects) = preSolution
		{325766C6-8A40-8FB2-166D-D651A527AE3D} = {827E0CD3-B72D-47B6-A68D-7590B98EB39B}
		{8D92FC5C-5F23-4264-836C-D2A26FB254DF} = {325766C6-8A40-8FB2-166D-D651A527AE3D}
		{49CF45EA-91D7-47C3-85F5-273DB56D4B32} = {325766C6-8A40-8FB2-166D-D651A527AE3D}
		{398680CC-8F5C-485F-9051-48B4BB768954} = {325766C6-8A40-8FB2-166D-D651A527AE3D}
		{2BB03828-48B0-4FEE-BBC2-4892346D5612} = {325766C6-8A40-8FB2-166D-D651A527AE3D}
		{2EFCCF15-8858-4A90-943F-5E43D6227722} = {325766C6-8A40-8FB2-166D-D651A527AE3D}
		{2B22BB59-A86D-449D-8CD9-AEC4C356B0F0} = {325766C6-8A40-8FB2-166D-D651A527AE3D}
		{D48E0EDE-2CC2-4BEB-99D5-CCC621CC4F68} = {325766C6-8A40-8FB2-166D-D651A527AE3D}
		{773970D6-4592-47DA-BDA4-CCEB2A512D4F} = {325766C6-8A40-8FB2-166D-D651A527AE3D}
		{CDE03ED2-DA84-A1F1-1FBA-FC269660BC87} = {827E0CD3-B72D-47B6-A68D-7590B98EB39B}
		{B1BAC339-9B86-46C2-8745-89961772C970} = {CDE03ED2-DA84-A1F1-1FBA-FC269660BC87}
	EndGlobalSection
EndGlobal
